
Microsoft Visual Studio Solution File, Format Version 12.00
# Visual Studio 15
VisualStudioVersion = 15.0.28010.2050
MinimumVisualStudioVersion = 10.0.40219.1
Project("{FAE04EC0-301F-11D3-BF4B-00C04F79EFBC}") = "WebCore1", "WebCore1\WebCore1.csproj", "{FA3EF35C-AD5F-4A38-B6BD-881A8945F39E}"
EndProject
Project("{FAE04EC0-301F-11D3-BF4B-00C04F79EFBC}") = "WebCore1Test", "WebCore1Test\WebCore1Test.csproj", "{D9042AF2-3D3D-4343-A15B-3CC2535BCF84}"
EndProject
Global
	GlobalSection(SolutionConfigurationPlatforms) = preSolution
		Debug|Any CPU = Debug|Any CPU
		Release|Any CPU = Release|Any CPU
	EndGlobalSection
	GlobalSection(ProjectConfigurationPlatforms) = postSolution
		{FA3EF35C-AD5F-4A38-B6BD-881A8945F39E}.Debug|Any CPU.ActiveCfg = Debug|Any CPU
		{FA3EF35C-AD5F-4A38-B6BD-881A8945F39E}.Debug|Any CPU.Build.0 = Debug|Any CPU
		{FA3EF35C-AD5F-4A38-B6BD-881A8945F39E}.Release|Any CPU.ActiveCfg = Release|Any CPU
		{FA3EF35C-AD5F-4A38-B6BD-881A8945F39E}.Release|Any CPU.Build.0 = Release|Any CPU
		{D9042AF2-3D3D-4343-A15B-3CC2535BCF84}.Debug|Any CPU.ActiveCfg = Debug|Any CPU
		{D9042AF2-3D3D-4343-A15B-3CC2535BCF84}.Debug|Any CPU.Build.0 = Debug|Any CPU
		{D9042AF2-3D3D-4343-A15B-3CC2535BCF84}.Release|Any CPU.ActiveCfg = Release|Any CPU
		{D9042AF2-3D3D-4343-A15B-3CC2535BCF84}.Release|Any CPU.Build.0 = Release|Any CPU
	EndGlobalSection
	GlobalSection(SolutionProperties) = preSolution
		HideSolutionNode = FALSE
	EndGlobalSection
	GlobalSection(ExtensibilityGlobals) = postSolution
		SolutionGuid = {5813487F-D5E3-4585-9B75-E6024BB01F42}
	EndGlobalSection
EndGlobal
